<Solution>
  <Folder Name="/Itens de Solução/">
    <File Path=".gitignore" />
    <File Path="READEME.md" />
  </Folder>
  <Project Path="Pedido.Api/Pedidos.Api.csproj" />
  <Project Path="Pedidos.Application/Pedidos.Application.csproj" />
  <Project Path="Pedidos.Domain/Pedidos.Domain.csproj" />
  <Project Path="Pedidos.Infrastructure/Pedidos.Infrastructure.csproj" />
  <Project Path="Pedidos.Tests/Pedidos.Tests.csproj" />
</Solution>
